{
    "_meta": {
        "hash": {
            "sha256": "b126984b87f5b3c6eaf8275efe470391cffb2a3c23d3945569a8774345027120"
        },
        "pipfile-spec": 6,
        "requires": {
            "python_version": "3.12"
        },
        "sources": [
            {
                "name": "pypi",
                "url": "https://pypi.org/simple",
                "verify_ssl": true
            }
        ]
    },
    "default": {
        "mss": {
            "hashes": [
                "sha256:7182baf7ee16ca569e2804028b6ab9bcbf6be5c46fc2880840f33b513b9cb4f8",
                "sha256:9179c110cadfef5dc6dc4a041a0cd161c74c379218648e6640b48c6b5cfe8918"
            ],
            "index": "pypi",
            "markers": "python_version >= '3.9'",
            "version": "==10.1.0"
        },
        "numpy": {
            "hashes": [
                "sha256:038613e9fb8c72b0a41f025a7e4c3f0b7a1b5d768ece4796b674c8f3fe13efff",
                "sha256:0678000bb9ac1475cd454c6b8c799206af8107e310843532b04d49649c717a47",
                "sha256:0811bb762109d9708cca4d0b13c4f67146e3c3b7cf8d34018c722adb2d957c84",
                "sha256:0b605b275d7bd0c640cad4e5d30fa701a8d59302e127e5f79138ad62762c3e3d",
                "sha256:0bca768cd85ae743b2affdc762d617eddf3bcf8724435498a1e80132d04879e6",
                "sha256:1bc23a79bfabc5d056d106f9befb8d50c31ced2fbc70eedb8155aec74a45798f",
                "sha256:287cc3162b6f01463ccd86be154f284d0893d2b3ed7292439ea97eafa8170e0b",
                "sha256:37c0ca431f82cd5fa716eca9506aefcabc247fb27ba69c5062a6d3ade8cf8f49",
                "sha256:37e990a01ae6ec7fe7fa1c26c55ecb672dd98b19c3d0e1d1f326fa13cb38d163",
                "sha256:389d771b1623ec92636b0786bc4ae56abafad4a4c513d36a55dce14bd9ce8571",
                "sha256:3d70692235e759f260c3d837193090014aebdf026dfd167834bcba43e30c2a42",
                "sha256:41c5a21f4a04fa86436124d388f6ed60a9343a6f767fced1a8a71c3fbca038ff",
                "sha256:481b49095335f8eed42e39e8041327c05b0f6f4780488f61286ed3c01368d491",
                "sha256:4eeaae00d789f66c7a25ac5f34b71a7035bb474e679f410e5e1a94deb24cf2d4",
                "sha256:55a4d33fa519660d69614a9fad433be87e5252f4b03850642f88993f7b2ca566",
                "sha256:5a6429d4be8ca66d889b7cf70f536a397dc45ba6faeb5f8c5427935d9592e9cf",
                "sha256:5bd4fc3ac8926b3819797a7c0e2631eb889b4118a9898c84f585a54d475b7e40",
                "sha256:5beb72339d9d4fa36522fc63802f469b13cdbe4fdab4a288f0c441b74272ebfd",
                "sha256:6031dd6dfecc0cf9f668681a37648373bddd6421fff6c66ec1624eed0180ee06",
                "sha256:71594f7c51a18e728451bb50cc60a3ce4e6538822731b2933209a1f3614e9282",
                "sha256:74d4531beb257d2c3f4b261bfb0fc09e0f9ebb8842d82a7b4209415896adc680",
                "sha256:7befc596a7dc9da8a337f79802ee8adb30a552a94f792b9c9d18c840055907db",
                "sha256:894b3a42502226a1cac872f840030665f33326fc3dac8e57c607905773cdcde3",
                "sha256:8e41fd67c52b86603a91c1a505ebaef50b3314de0213461c7a6e99c9a3beff90",
                "sha256:8e9ace4a37db23421249ed236fdcdd457d671e25146786dfc96835cd951aa7c1",
                "sha256:8fc377d995680230e83241d8a96def29f204b5782f371c532579b4f20607a289",
                "sha256:9551a499bf125c1d4f9e250377c1ee2eddd02e01eac6644c080162c0c51778ab",
                "sha256:b0544343a702fa80c95ad5d3d608ea3599dd54d4632df855e4c8d24eb6ecfa1c",
                "sha256:b093dd74e50a8cba3e873868d9e93a85b78e0daf2e98c6797566ad8044e8363d",
                "sha256:b412caa66f72040e6d268491a59f2c43bf03eb6c96dd8f0307829feb7fa2b6fb",
                "sha256:b4f13750ce79751586ae2eb824ba7e1e8dba64784086c98cdbbcc6a42112ce0d",
                "sha256:b64d8d4d17135e00c8e346e0a738deb17e754230d7e0810ac5012750bbd85a5a",
                "sha256:ba10f8411898fc418a521833e014a77d3ca01c15b0c6cdcce6a0d2897e6dbbdf",
                "sha256:bd48227a919f1bafbdda0583705e547892342c26fb127219d60a5c36882609d1",
                "sha256:c1f9540be57940698ed329904db803cf7a402f3fc200bfe599334c9bd84a40b2",
                "sha256:c820a93b0255bc360f53eca31a0e676fd1101f673dda8da93454a12e23fc5f7a",
                "sha256:ce47521a4754c8f4593837384bd3424880629f718d87c5d44f8ed763edd63543",
                "sha256:d042d24c90c41b54fd506da306759e06e568864df8ec17ccc17e9e884634fd00",
                "sha256:de749064336d37e340f640b05f24e9e3dd678c57318c7289d222a8a2f543e90c",
                "sha256:e1dda9c7e08dc141e0247a5b8f49cf05984955246a327d4c48bda16821947b2f",
                "sha256:e29554e2bef54a90aa5cc07da6ce955accb83f21ab5de01a62c8478897b264fd",
                "sha256:e3143e4451880bed956e706a3220b4e5cf6172ef05fcc397f6f36a550b1dd868",
                "sha256:e8213002e427c69c45a52bbd94163084025f533a55a59d6f9c5b820774ef3303",
                "sha256:efd28d4e9cd7d7a8d39074a4d44c63eda73401580c5c76acda2ce969e0a38e83",
                "sha256:f0fd6321b839904e15c46e0d257fdd101dd7f530fe03fd6359c1ea63738703f3",
                "sha256:f1372f041402e37e5e633e586f62aa53de2eac8d98cbfb822806ce4bbefcb74d",
                "sha256:f2618db89be1b4e05f7a1a847a9c1c0abd63e63a1607d892dd54668dd92faf87",
                "sha256:f447e6acb680fd307f40d3da4852208af94afdfab89cf850986c3ca00562f4fa",
                "sha256:f92729c95468a2f4f15e9bb94c432a9229d0d50de67304399627a943201baa2f",
                "sha256:f9f1adb22318e121c5c69a09142811a201ef17ab257a1e66ca3025065b7f53ae",
                "sha256:fc0c5673685c508a142ca65209b4e79ed6740a4ed6b2267dbba90f34b0b3cfda",
                "sha256:fc7b73d02efb0e18c000e9ad8b83480dfcd5dfd11065997ed4c6747470ae8915",
                "sha256:fd83c01228a688733f1ded5201c678f0c53ecc1006ffbc404db9f7a899ac6249",
                "sha256:fe27749d33bb772c80dcd84ae7e8df2adc920ae8297400dabec45f0dedb3f6de",
                "sha256:fee4236c876c4e8369388054d02d0e9bb84821feb1a64dd59e137e6511a551f8"
            ],
            "index": "pypi",
            "markers": "python_version >= '3.10'",
            "version": "==2.2.6"
        },
        "opencv-python": {
            "hashes": [
                "sha256:0bc2596e68f972ca452d80f444bc404e08807d021fbba40df26b61b18e01838a",
                "sha256:372fe164a3148ac1ca51e5f3ad0541a4a276452273f503441d718fab9c5e5f59",
                "sha256:402033cddf9d294693094de5ef532339f14ce821da3ad7df7c9f6e8316da32cf",
                "sha256:423d934c9fafb91aad38edf26efb46da91ffbc05f3f59c4b0c72e699720706f5",
                "sha256:5868a8c028a0b37561579bfb8ac1875babdc69546d236249fff296a8c010ccf9",
                "sha256:620d602b8f7d8b8dab5f4b99c6eb353e78d3fb8b0f53db1bd258bb1aa001c1d5",
                "sha256:bccaabf9eb7f897ca61880ce2869dcd9b25b72129c28478e7f2a5e8dee945616",
                "sha256:caf60c071ec391ba51ed00a4a920f996d0b64e3e46068aac1f646b5de0326a19"
            ],
            "index": "pypi",
            "markers": "python_version >= '3.6'",
            "version": "==4.13.0.92"
        },
        "pynput": {
            "hashes": [
                "sha256:42dfcf27404459ca16ca889c8fb8ffe42a9fe54f722fd1a3e130728e59e768d2",
                "sha256:70d7c8373ee98911004a7c938742242840a5628c004573d84ba849d4601df81e"
            ],
            "index": "pypi",
            "version": "==1.8.1"
        },
        "pyqt6": {
            "hashes": [
                "sha256:37ae7c1183fe4dd0c6aefd2006a35731245de1cb6f817bb9e414a3e4848dfd6d",
                "sha256:6c0db5d8cbb9a3e7e2b5b51d0ff3f283121fa27b864db6d2f35b663c9be5cc83",
                "sha256:78e1b3d5763e4cbc84485aef600e0aba5e1932fd263b716f92cd1a40dfa5e924",
                "sha256:7901ba1df024b7ee9fdacfb2b7661aeb3749ae8b0bef65428077de3e0450eabb",
                "sha256:bbc3af541bbecd27301bfe69fe445aa1611a9b490bd3de77306b12df632f7ec6",
                "sha256:bd328cb70bc382c48861cd5f0a11b2b8ae6f5692d5a2d6679ba52785dced327b"
            ],
            "index": "pypi",
            "markers": "python_version >= '3.9'",
            "version": "==6.10.2"
        },
        "pyqt6-qt6": {
            "hashes": [
                "sha256:19c10b5f0806e9f9bac2c9759bd5d7d19a78967f330fd60a2db409177fa76e49",
                "sha256:2e60d616861ca4565cd295418d605975aa2dc407ba4b94c1586a70c92e9cb052",
                "sha256:5761cfccc721da2311c3f1213577f0ff1df07bbbbe3fa3a209a256b82cf057e3",
                "sha256:6dda853a8db1b8d1a2ddbbe76cc6c3aa86614cad14056bd3c0435d8feea73b2d",
                "sha256:7164a6f0c1335358a3026df9865c8f75395b01f60f0dcd2f66c029ec16fc83d2",
                "sha256:c4b7f7d66cc58bddf1bc1ca28dfcf7a45f58cfcb11d81d13a0510409dd4957ac"
            ],
            "version": "==6.10.2"
        },
        "pyqt6-sip": {
            "hashes": [
                "sha256:0c6d097aae7df312519e2b36e001bd796f6a2ce060ab8b9ed793daa8f407fe2e",
                "sha256:0df15849946cea969d3ff2b24b76149262b6044aea2c5403e4f70c24c973a4c8",
                "sha256:0ee652b272373c4f9287625ef32ad4ec1f0755c24928dc958a870b7a928b288c",
                "sha256:1d1c67179c1924b28e3d7f04585639e7a7c0946f62390efc6ccf2a6206e595d3",
                "sha256:353d613129316e9f7eda6bbe821deb7b7ffa14483499189171fd8a246873f9ac",
                "sha256:3af7a49dce4c35c5464309232c81cc1da5ec6074f46d2957831ee4031b8eefa6",
                "sha256:42b62530a9b6a9c6e29c2941b8ab78258652da0aeae4eb1fc9a0631d19a7a7b2",
                "sha256:581e287bf42587593b88b30d9db06ed0fccbf40f345a5bd3ec3f00a5692e2430",
                "sha256:6aa6c15ad3a9bb86e69119baff77b4ac17c47e55ee567abff616a4652051a6cc",
                "sha256:7677fa1d0e3f933838e5dd8e03ebd6cd4dfc994c9e9b24e8aabd1b3ccecb2430",
                "sha256:7a1b08421967e68a821d3ea97fcdc8413671aec817a0dc46b844ab4bb2ebab66",
                "sha256:869c5b48afe38e55b1ee0dd72182b0886e968cc509b98023ff50010b013ce1be",
                "sha256:98db8ed37cf08130e1ee74b8ff47a6bfb8c3cdfe826310597a630a50e47feedc",
                "sha256:a2456a8a68de43f400ffd13f7f8728713434ded374e45fa7754afb9e087b2421",
                "sha256:a72f4ebdab16a8a484019ff593de90d8013d3286b678c6ba1c0bdb117f4fcb13",
                "sha256:b68e442efc4275651bf63f2c43713e242924fd948909e31cf8f20d783ca505e9",
                "sha256:ba9d362dd1e54b43bc2594f8841e1e39d24789716d28f08e5c9282af9fca342c",
                "sha256:c0ec2128c174db352bec1c8d23a437e970e8d5a78ac50315d8dfc671fcf7a7da",
                "sha256:c52b2b27fc77d9447a8dc1c6de1aaccc22d41e48697aafb2f2f20b8984bb02a5",
                "sha256:ca24bfd4d5d8274e338433df9ac41930650088c00018d3313c6bd8de21772a02",
                "sha256:cb931c1af45294bbe8039c5cfda184e3023f5dc766fc884964010eedd8fd85db",
                "sha256:d83543125fe9fdb153e7e446c3b4d056d80ab5953644660633ab3f80e7784194",
                "sha256:dd8be768799be1a29857ea0125b1d365021a8a014c1d746f0df6b7ba0400edef",
                "sha256:f532144c43f2fddcccf2e25df50cdb4a744edb4ce4ba5ed2d0f2cef825197f2f",
                "sha256:fcadd68e09ee24cdda8f8bfcba52e59c9b297055d2c450f0eb89afa61a8dc31a"
            ],
            "markers": "python_version >= '3.10'",
            "version": "==13.11.1"
        },
        "six": {
            "hashes": [
                "sha256:4721f391ed90541fddacab5acf947aa0d3dc7d27b2e1e8eda2be8970586c3274",
                "sha256:ff70335d468e7eb6ec65b95b99d3a2836546063f63acc5171de367e834932a81"
            ],
            "markers": "python_version >= '2.7' and python_version not in '3.0, 3.1, 3.2'",
            "version": "==1.17.0"
        },
        "windows-capture": {
            "markers": "platform_system == 'Windows'",
            "version": "*"
        }
    },
    "develop": {}
}
